# This file is autogenerated, do not edit; changes may be undone by the next 'dep ensure'.


[[projects]]
  branch = "master"
  name = "golang.org/x/text"
  packages = ["encoding","encoding/charmap","encoding/internal","encoding/internal/identifier","internal/gen","transform","unicode/cldr"]
  revision = "d82c1812e304abfeeabd31e995a115a2855bf642"

[solve-meta]
  analyzer-name = "dep"
  analyzer-version = 1
  inputs-digest = "2a6c1bbc29bfce24f0be5853db1f24e0c80cf394d2d059eeac4a8fa11b6a3c1e"
  solver-name = "gps-cdcl"
  solver-version = 1
